
Microsoft Visual Studio Solution File, Format Version 12.00
# Visual Studio Version 16
VisualStudioVersion = 16.0.29409.12
MinimumVisualStudioVersion = 10.0.40219.1
Project("{9A19103F-16F7-4668-BE54-9A1E7A4F7556}") = "SuffrageApp", "SuffrageApp.csproj", "{5FBD3382-9C7C-4EF5-A20F-924898C129B0}"
	ProjectSection(ProjectDependencies) = postProject
		{D7D96B8A-C237-4F25-9B1D-E86713176883} = {D7D96B8A-C237-4F25-9B1D-E86713176883}
		{E2E5838C-304C-4509-B924-E8C298FB1601} = {E2E5838C-304C-4509-B924-E8C298FB1601}
	EndProjectSection
EndProject
Project("{9A19103F-16F7-4668-BE54-9A1E7A4F7556}") = "Core", "..\Domain\Core.csproj", "{E2E5838C-304C-4509-B924-E8C298FB1601}"
EndProject
Project("{9A19103F-16F7-4668-BE54-9A1E7A4F7556}") = "Infrastructure", "..\Infrastructure\Infrastructure.csproj", "{D7D96B8A-C237-4F25-9B1D-E86713176883}"
EndProject
Global
	GlobalSection(SolutionConfigurationPlatforms) = preSolution
		Debug|Any CPU = Debug|Any CPU
		Release|Any CPU = Release|Any CPU
	EndGlobalSection
	GlobalSection(ProjectConfigurationPlatforms) = postSolution
		{5FBD3382-9C7C-4EF5-A20F-924898C129B0}.Debug|Any CPU.ActiveCfg = Debug|Any CPU
		{5FBD3382-9C7C-4EF5-A20F-924898C129B0}.Debug|Any CPU.Build.0 = Debug|Any CPU
		{5FBD3382-9C7C-4EF5-A20F-924898C129B0}.Release|Any CPU.ActiveCfg = Release|Any CPU
		{5FBD3382-9C7C-4EF5-A20F-924898C129B0}.Release|Any CPU.Build.0 = Release|Any CPU
		{E2E5838C-304C-4509-B924-E8C298FB1601}.Debug|Any CPU.ActiveCfg = Debug|Any CPU
		{E2E5838C-304C-4509-B924-E8C298FB1601}.Debug|Any CPU.Build.0 = Debug|Any CPU
		{E2E5838C-304C-4509-B924-E8C298FB1601}.Release|Any CPU.ActiveCfg = Release|Any CPU
		{E2E5838C-304C-4509-B924-E8C298FB1601}.Release|Any CPU.Build.0 = Release|Any CPU
		{D7D96B8A-C237-4F25-9B1D-E86713176883}.Debug|Any CPU.ActiveCfg = Debug|Any CPU
		{D7D96B8A-C237-4F25-9B1D-E86713176883}.Debug|Any CPU.Build.0 = Debug|Any CPU
		{D7D96B8A-C237-4F25-9B1D-E86713176883}.Release|Any CPU.ActiveCfg = Release|Any CPU
		{D7D96B8A-C237-4F25-9B1D-E86713176883}.Release|Any CPU.Build.0 = Release|Any CPU
	EndGlobalSection
	GlobalSection(SolutionProperties) = preSolution
		HideSolutionNode = FALSE
	EndGlobalSection
	GlobalSection(ExtensibilityGlobals) = postSolution
		SolutionGuid = {D96342C8-18D7-4DAF-BFD3-52E031101A2F}
	EndGlobalSection
EndGlobal
